// !$*UTF8*$!
{
	archiveVersion = 1;
	classes = {
	};
	objectVersion = 56;
	objects = {

/* Begin PBXBuildFile section */
		CD0848E82BFA4F49006C7F49 /* LocationService.swift in Sources */ = {isa = PBXBuildFile; fileRef = CD0848E72BFA4F49006C7F49 /* LocationService.swift */; };
		CD4D2A462BFB2B7900EE31D1 /* Pet.swift in Sources */ = {isa = PBXBuildFile; fileRef = CD4D2A452BFB2B7900EE31D1 /* Pet.swift */; };
		CD4D2A492BFB84C900EE31D1 /* LocationData.swift in Sources */ = {isa = PBXBuildFile; fileRef = CD4D2A482BFB84C900EE31D1 /* LocationData.swift */; };
		CD4D2A4F2BFB8E5C00EE31D1 /* TestView.swift in Sources */ = {isa = PBXBuildFile; fileRef = CD4D2A4E2BFB8E5C00EE31D1 /* TestView.swift */; };
		CD4D2A512BFB8F5000EE31D1 /* LocationModel.swift in Sources */ = {isa = PBXBuildFile; fileRef = CD4D2A502BFB8F5000EE31D1 /* LocationModel.swift */; };
		CD4D2A552BFBAFDD00EE31D1 /* LocationManager.swift in Sources */ = {isa = PBXBuildFile; fileRef = CD4D2A542BFBAFDD00EE31D1 /* LocationManager.swift */; };
		CD4D2A732BFC915100EE31D1 /* RestoAnnotation.swift in Sources */ = {isa = PBXBuildFile; fileRef = CD4D2A722BFC915100EE31D1 /* RestoAnnotation.swift */; };
		CD4D2A752BFDB93200EE31D1 /* ShopAnnotation.swift in Sources */ = {isa = PBXBuildFile; fileRef = CD4D2A742BFDB93200EE31D1 /* ShopAnnotation.swift */; };
		CD4D2A772BFDBB5900EE31D1 /* HospitalAnnotation.swift in Sources */ = {isa = PBXBuildFile; fileRef = CD4D2A762BFDBB5900EE31D1 /* HospitalAnnotation.swift */; };
		CD6AF6A92C038432005EC8BC /* InputNameView.swift in Sources */ = {isa = PBXBuildFile; fileRef = CD6AF6A82C038432005EC8BC /* InputNameView.swift */; };
		CD6AF6AD2C03A0C1005EC8BC /* Boogaloo-Regular.ttf in Resources */ = {isa = PBXBuildFile; fileRef = CD6AF6AC2C03A01E005EC8BC /* Boogaloo-Regular.ttf */; };
		CD6AF6B22C03AAF4005EC8BC /* InputNameViewModel.swift in Sources */ = {isa = PBXBuildFile; fileRef = CD6AF6B12C03AAF4005EC8BC /* InputNameViewModel.swift */; };
		CD6AF6B42C03B3D6005EC8BC /* IntroView.swift in Sources */ = {isa = PBXBuildFile; fileRef = CD6AF6B32C03B3D6005EC8BC /* IntroView.swift */; };
		CD6AF6B82C03BBC1005EC8BC /* IntroViewModel.swift in Sources */ = {isa = PBXBuildFile; fileRef = CD6AF6B72C03BBC1005EC8BC /* IntroViewModel.swift */; };
		CD6AF6BA2C03BD30005EC8BC /* locationPicker.swift in Sources */ = {isa = PBXBuildFile; fileRef = CD6AF6B92C03BD30005EC8BC /* locationPicker.swift */; };
		CD6AF6BF2C03C56C005EC8BC /* MapItemPicker in Frameworks */ = {isa = PBXBuildFile; productRef = CD6AF6BE2C03C56C005EC8BC /* MapItemPicker */; };
		CD6AF6C12C042432005EC8BC /* MoodAnnotation.swift in Sources */ = {isa = PBXBuildFile; fileRef = CD6AF6C02C042432005EC8BC /* MoodAnnotation.swift */; };
		CD6AF6C22C05835C005EC8BC /* Pet-Journeys-Info.plist in Resources */ = {isa = PBXBuildFile; fileRef = CDF56A6A2C004ECE00432D9B /* Pet-Journeys-Info.plist */; };
		CD6AF6C42C05964C005EC8BC /* MapPickerView.swift in Sources */ = {isa = PBXBuildFile; fileRef = CD6AF6C32C05964C005EC8BC /* MapPickerView.swift */; };
		CD6AF6C62C0596C7005EC8BC /* MapPickerViewModel.swift in Sources */ = {isa = PBXBuildFile; fileRef = CD6AF6C52C0596C7005EC8BC /* MapPickerViewModel.swift */; };
		CD6AF6C82C05C70F005EC8BC /* SheetView.swift in Sources */ = {isa = PBXBuildFile; fileRef = CD6AF6C72C05C70F005EC8BC /* SheetView.swift */; };
		CD6AF6CA2C05C8A7005EC8BC /* LocationSearchService.swift in Sources */ = {isa = PBXBuildFile; fileRef = CD6AF6C92C05C8A7005EC8BC /* LocationSearchService.swift */; };
		CD6AF6CC2C061EEF005EC8BC /* HouseAnnotation.swift in Sources */ = {isa = PBXBuildFile; fileRef = CD6AF6CB2C061EEF005EC8BC /* HouseAnnotation.swift */; };
		CD6AF6CE2C083E11005EC8BC /* ChoosePetView.swift in Sources */ = {isa = PBXBuildFile; fileRef = CD6AF6CD2C083E11005EC8BC /* ChoosePetView.swift */; };
		CDC3DDAB2BF4F20D008459EF /* Pet_JourneysApp.swift in Sources */ = {isa = PBXBuildFile; fileRef = CDC3DDAA2BF4F20D008459EF /* Pet_JourneysApp.swift */; };
		CDC3DDAD2BF4F20D008459EF /* ContentView.swift in Sources */ = {isa = PBXBuildFile; fileRef = CDC3DDAC2BF4F20D008459EF /* ContentView.swift */; };
		CDC3DDAF2BF4F210008459EF /* Assets.xcassets in Resources */ = {isa = PBXBuildFile; fileRef = CDC3DDAE2BF4F210008459EF /* Assets.xcassets */; };
		CDC3DDB22BF4F210008459EF /* Preview Assets.xcassets in Resources */ = {isa = PBXBuildFile; fileRef = CDC3DDB12BF4F210008459EF /* Preview Assets.xcassets */; };
		CDC3DDB42BF4F210008459EF /* Persistence.swift in Sources */ = {isa = PBXBuildFile; fileRef = CDC3DDB32BF4F210008459EF /* Persistence.swift */; };
		CDC3DDB72BF4F210008459EF /* Pet_Journeys.xcdatamodeld in Sources */ = {isa = PBXBuildFile; fileRef = CDC3DDB52BF4F210008459EF /* Pet_Journeys.xcdatamodeld */; };
		CDC3DDC12BF50405008459EF /* ContentViewModel.swift in Sources */ = {isa = PBXBuildFile; fileRef = CDC3DDC02BF50405008459EF /* ContentViewModel.swift */; };
		CDC3DDE82BF73D9E008459EF /* CustomMapView.swift in Sources */ = {isa = PBXBuildFile; fileRef = CDC3DDE72BF73D9E008459EF /* CustomMapView.swift */; };
		CDEE0DB62BFA1150004F579B /* GoogleMaps in Frameworks */ = {isa = PBXBuildFile; productRef = CDEE0DB52BFA1150004F579B /* GoogleMaps */; };
		CDEE0DB82BFA1150004F579B /* GoogleMapsBase in Frameworks */ = {isa = PBXBuildFile; productRef = CDEE0DB72BFA1150004F579B /* GoogleMapsBase */; };
		CDEE0DBA2BFA1150004F579B /* GoogleMapsCore in Frameworks */ = {isa = PBXBuildFile; productRef = CDEE0DB92BFA1150004F579B /* GoogleMapsCore */; };
		CDEE0DBC2BFA1150004F579B /* GoogleMapsM4B in Frameworks */ = {isa = PBXBuildFile; productRef = CDEE0DBB2BFA1150004F579B /* GoogleMapsM4B */; };
		CDEE0DBE2BFA11AC004F579B /* AppDelegate.swift in Sources */ = {isa = PBXBuildFile; fileRef = CDEE0DBD2BFA11AC004F579B /* AppDelegate.swift */; };
		CDEE0DC12BFA121B004F579B /* GooglePlaces in Frameworks */ = {isa = PBXBuildFile; productRef = CDEE0DC02BFA121B004F579B /* GooglePlaces */; };
		CDF56A6E2C00AE4600432D9B /* Cute_Fox.usdz in Resources */ = {isa = PBXBuildFile; fileRef = CDF56A6D2C00AE4600432D9B /* Cute_Fox.usdz */; };
		CDF56A702C00AE5000432D9B /* Cute_Fox.scn in Resources */ = {isa = PBXBuildFile; fileRef = CDF56A6F2C00AE5000432D9B /* Cute_Fox.scn */; };
		CDF56A722C00AE8900432D9B /* Toothless_Chimuelo_cute.usdz in Resources */ = {isa = PBXBuildFile; fileRef = CDF56A712C00AE8900432D9B /* Toothless_Chimuelo_cute.usdz */; };
		CDF56A742C00AE9600432D9B /* Toothless.scn in Resources */ = {isa = PBXBuildFile; fileRef = CDF56A732C00AE9600432D9B /* Toothless.scn */; };
		CDF56A782C00AF2200432D9B /* AnimalSceneKit.swift in Sources */ = {isa = PBXBuildFile; fileRef = CDF56A772C00AF2200432D9B /* AnimalSceneKit.swift */; };
/* End PBXBuildFile section */

/* Begin PBXFileReference section */
		CD0848E72BFA4F49006C7F49 /* LocationService.swift */ = {isa = PBXFileReference; lastKnownFileType = sourcecode.swift; path = LocationService.swift; sourceTree = "<group>"; };
		CD4D2A452BFB2B7900EE31D1 /* Pet.swift */ = {isa = PBXFileReference; lastKnownFileType = sourcecode.swift; path = Pet.swift; sourceTree = "<group>"; };
		CD4D2A482BFB84C900EE31D1 /* LocationData.swift */ = {isa = PBXFileReference; lastKnownFileType = sourcecode.swift; path = LocationData.swift; sourceTree = "<group>"; };
		CD4D2A4E2BFB8E5C00EE31D1 /* TestView.swift */ = {isa = PBXFileReference; lastKnownFileType = sourcecode.swift; path = TestView.swift; sourceTree = "<group>"; };
		CD4D2A502BFB8F5000EE31D1 /* LocationModel.swift */ = {isa = PBXFileReference; lastKnownFileType = sourcecode.swift; path = LocationModel.swift; sourceTree = "<group>"; };
		CD4D2A542BFBAFDD00EE31D1 /* LocationManager.swift */ = {isa = PBXFileReference; lastKnownFileType = sourcecode.swift; path = LocationManager.swift; sourceTree = "<group>"; };
		CD4D2A722BFC915100EE31D1 /* RestoAnnotation.swift */ = {isa = PBXFileReference; lastKnownFileType = sourcecode.swift; path = RestoAnnotation.swift; sourceTree = "<group>"; };
		CD4D2A742BFDB93200EE31D1 /* ShopAnnotation.swift */ = {isa = PBXFileReference; lastKnownFileType = sourcecode.swift; path = ShopAnnotation.swift; sourceTree = "<group>"; };
		CD4D2A762BFDBB5900EE31D1 /* HospitalAnnotation.swift */ = {isa = PBXFileReference; lastKnownFileType = sourcecode.swift; path = HospitalAnnotation.swift; sourceTree = "<group>"; };
		CD6AF6A82C038432005EC8BC /* InputNameView.swift */ = {isa = PBXFileReference; lastKnownFileType = sourcecode.swift; path = InputNameView.swift; sourceTree = "<group>"; };
		CD6AF6AC2C03A01E005EC8BC /* Boogaloo-Regular.ttf */ = {isa = PBXFileReference; lastKnownFileType = file; path = "Boogaloo-Regular.ttf"; sourceTree = "<group>"; };
		CD6AF6B12C03AAF4005EC8BC /* InputNameViewModel.swift */ = {isa = PBXFileReference; lastKnownFileType = sourcecode.swift; path = InputNameViewModel.swift; sourceTree = "<group>"; };
		CD6AF6B32C03B3D6005EC8BC /* IntroView.swift */ = {isa = PBXFileReference; lastKnownFileType = sourcecode.swift; path = IntroView.swift; sourceTree = "<group>"; };
		CD6AF6B72C03BBC1005EC8BC /* IntroViewModel.swift */ = {isa = PBXFileReference; lastKnownFileType = sourcecode.swift; path = IntroViewModel.swift; sourceTree = "<group>"; };
		CD6AF6B92C03BD30005EC8BC /* locationPicker.swift */ = {isa = PBXFileReference; lastKnownFileType = sourcecode.swift; path = locationPicker.swift; sourceTree = "<group>"; };
		CD6AF6C02C042432005EC8BC /* MoodAnnotation.swift */ = {isa = PBXFileReference; lastKnownFileType = sourcecode.swift; path = MoodAnnotation.swift; sourceTree = "<group>"; };
		CD6AF6C32C05964C005EC8BC /* MapPickerView.swift */ = {isa = PBXFileReference; lastKnownFileType = sourcecode.swift; path = MapPickerView.swift; sourceTree = "<group>"; };
		CD6AF6C52C0596C7005EC8BC /* MapPickerViewModel.swift */ = {isa = PBXFileReference; lastKnownFileType = sourcecode.swift; path = MapPickerViewModel.swift; sourceTree = "<group>"; };
		CD6AF6C72C05C70F005EC8BC /* SheetView.swift */ = {isa = PBXFileReference; lastKnownFileType = sourcecode.swift; path = SheetView.swift; sourceTree = "<group>"; };
		CD6AF6C92C05C8A7005EC8BC /* LocationSearchService.swift */ = {isa = PBXFileReference; lastKnownFileType = sourcecode.swift; path = LocationSearchService.swift; sourceTree = "<group>"; };
		CD6AF6CB2C061EEF005EC8BC /* HouseAnnotation.swift */ = {isa = PBXFileReference; lastKnownFileType = sourcecode.swift; path = HouseAnnotation.swift; sourceTree = "<group>"; };
		CD6AF6CD2C083E11005EC8BC /* ChoosePetView.swift */ = {isa = PBXFileReference; lastKnownFileType = sourcecode.swift; path = ChoosePetView.swift; sourceTree = "<group>"; };
		CDC3DDA72BF4F20D008459EF /* Pet Journeys.app */ = {isa = PBXFileReference; explicitFileType = wrapper.application; includeInIndex = 0; path = "Pet Journeys.app"; sourceTree = BUILT_PRODUCTS_DIR; };
		CDC3DDAA2BF4F20D008459EF /* Pet_JourneysApp.swift */ = {isa = PBXFileReference; lastKnownFileType = sourcecode.swift; path = Pet_JourneysApp.swift; sourceTree = "<group>"; };
		CDC3DDAC2BF4F20D008459EF /* ContentView.swift */ = {isa = PBXFileReference; lastKnownFileType = sourcecode.swift; path = ContentView.swift; sourceTree = "<group>"; };
		CDC3DDAE2BF4F210008459EF /* Assets.xcassets */ = {isa = PBXFileReference; lastKnownFileType = folder.assetcatalog; path = Assets.xcassets; sourceTree = "<group>"; };
		CDC3DDB12BF4F210008459EF /* Preview Assets.xcassets */ = {isa = PBXFileReference; lastKnownFileType = folder.assetcatalog; path = "Preview Assets.xcassets"; sourceTree = "<group>"; };
		CDC3DDB32BF4F210008459EF /* Persistence.swift */ = {isa = PBXFileReference; lastKnownFileType = sourcecode.swift; path = Persistence.swift; sourceTree = "<group>"; };
		CDC3DDB62BF4F210008459EF /* Pet_Journeys.xcdatamodel */ = {isa = PBXFileReference; lastKnownFileType = wrapper.xcdatamodel; path = Pet_Journeys.xcdatamodel; sourceTree = "<group>"; };
		CDC3DDC02BF50405008459EF /* ContentViewModel.swift */ = {isa = PBXFileReference; lastKnownFileType = sourcecode.swift; path = ContentViewModel.swift; sourceTree = "<group>"; };
		CDC3DDE72BF73D9E008459EF /* CustomMapView.swift */ = {isa = PBXFileReference; lastKnownFileType = sourcecode.swift; path = CustomMapView.swift; sourceTree = "<group>"; };
		CDEE0DBD2BFA11AC004F579B /* AppDelegate.swift */ = {isa = PBXFileReference; lastKnownFileType = sourcecode.swift; path = AppDelegate.swift; sourceTree = "<group>"; };
		CDF56A6A2C004ECE00432D9B /* Pet-Journeys-Info.plist */ = {isa = PBXFileReference; lastKnownFileType = text.plist; path = "Pet-Journeys-Info.plist"; sourceTree = SOURCE_ROOT; };
		CDF56A6D2C00AE4600432D9B /* Cute_Fox.usdz */ = {isa = PBXFileReference; lastKnownFileType = file.usdz; path = Cute_Fox.usdz; sourceTree = "<group>"; };
		CDF56A6F2C00AE5000432D9B /* Cute_Fox.scn */ = {isa = PBXFileReference; lastKnownFileType = file.bplist; path = Cute_Fox.scn; sourceTree = "<group>"; };
		CDF56A712C00AE8900432D9B /* Toothless_Chimuelo_cute.usdz */ = {isa = PBXFileReference; lastKnownFileType = file.usdz; path = Toothless_Chimuelo_cute.usdz; sourceTree = "<group>"; };
		CDF56A732C00AE9600432D9B /* Toothless.scn */ = {isa = PBXFileReference; lastKnownFileType = file.bplist; path = Toothless.scn; sourceTree = "<group>"; };
		CDF56A772C00AF2200432D9B /* AnimalSceneKit.swift */ = {isa = PBXFileReference; lastKnownFileType = sourcecode.swift; path = AnimalSceneKit.swift; sourceTree = "<group>"; };
/* End PBXFileReference section */

/* Begin PBXFrameworksBuildPhase section */
		CDC3DDA42BF4F20D008459EF /* Frameworks */ = {
			isa = PBXFrameworksBuildPhase;
			buildActionMask = 2147483647;
			files = (
				CDEE0DB62BFA1150004F579B /* GoogleMaps in Frameworks */,
				CDEE0DBA2BFA1150004F579B /* GoogleMapsCore in Frameworks */,
				CD6AF6BF2C03C56C005EC8BC /* MapItemPicker in Frameworks */,
				CDEE0DBC2BFA1150004F579B /* GoogleMapsM4B in Frameworks */,
				CDEE0DC12BFA121B004F579B /* GooglePlaces in Frameworks */,
				CDEE0DB82BFA1150004F579B /* GoogleMapsBase in Frameworks */,
			);
			runOnlyForDeploymentPostprocessing = 0;
		};
/* End PBXFrameworksBuildPhase section */

/* Begin PBXGroup section */
		CD4D2A472BFB848000EE31D1 /* Model */ = {
			isa = PBXGroup;
			children = (
				CD4D2A452BFB2B7900EE31D1 /* Pet.swift */,
				CD4D2A482BFB84C900EE31D1 /* LocationData.swift */,
				CD4D2A502BFB8F5000EE31D1 /* LocationModel.swift */,
			);
			path = Model;
			sourceTree = "<group>";
		};
		CD6AF6AE2C03A710005EC8BC /* AnnotationView */ = {
			isa = PBXGroup;
			children = (
				CD6AF6C02C042432005EC8BC /* MoodAnnotation.swift */,
				CD4D2A722BFC915100EE31D1 /* RestoAnnotation.swift */,
				CD4D2A742BFDB93200EE31D1 /* ShopAnnotation.swift */,
				CD4D2A762BFDBB5900EE31D1 /* HospitalAnnotation.swift */,
				CD6AF6CB2C061EEF005EC8BC /* HouseAnnotation.swift */,
			);
			path = AnnotationView;
			sourceTree = "<group>";
		};
		CDC3DD9E2BF4F20D008459EF = {
			isa = PBXGroup;
			children = (
				CDC3DDA92BF4F20D008459EF /* Pet Journeys */,
				CDC3DDA82BF4F20D008459EF /* Products */,
			);
			sourceTree = "<group>";
		};
		CDC3DDA82BF4F20D008459EF /* Products */ = {
			isa = PBXGroup;
			children = (
				CDC3DDA72BF4F20D008459EF /* Pet Journeys.app */,
			);
			name = Products;
			sourceTree = "<group>";
		};
		CDC3DDA92BF4F20D008459EF /* Pet Journeys */ = {
			isa = PBXGroup;
			children = (
				CD6AF6AC2C03A01E005EC8BC /* Boogaloo-Regular.ttf */,
				CDF56A6D2C00AE4600432D9B /* Cute_Fox.usdz */,
				CDF56A712C00AE8900432D9B /* Toothless_Chimuelo_cute.usdz */,
				CDF56A732C00AE9600432D9B /* Toothless.scn */,
				CDF56A6F2C00AE5000432D9B /* Cute_Fox.scn */,
				CDF56A6A2C004ECE00432D9B /* Pet-Journeys-Info.plist */,
				CD4D2A472BFB848000EE31D1 /* Model */,
				CDC3DDBF2BF503C8008459EF /* ViewModels */,
				CDC3DDBE2BF4FCA7008459EF /* Views */,
				CDC3DDBD2BF4FC9F008459EF /* CoreData */,
				CDC3DDAE2BF4F210008459EF /* Assets.xcassets */,
				CDC3DDB02BF4F210008459EF /* Preview Content */,
				CDEE0DBD2BFA11AC004F579B /* AppDelegate.swift */,
				CDC3DDAA2BF4F20D008459EF /* Pet_JourneysApp.swift */,
				CD0848E72BFA4F49006C7F49 /* LocationService.swift */,
				CD6AF6C92C05C8A7005EC8BC /* LocationSearchService.swift */,
			);
			path = "Pet Journeys";
			sourceTree = "<group>";
		};
		CDC3DDB02BF4F210008459EF /* Preview Content */ = {
			isa = PBXGroup;
			children = (
				CDC3DDB12BF4F210008459EF /* Preview Assets.xcassets */,
			);
			path = "Preview Content";
			sourceTree = "<group>";
		};
		CDC3DDBD2BF4FC9F008459EF /* CoreData */ = {
			isa = PBXGroup;
			children = (
				CDC3DDB52BF4F210008459EF /* Pet_Journeys.xcdatamodeld */,
				CDC3DDB32BF4F210008459EF /* Persistence.swift */,
			);
			path = CoreData;
			sourceTree = "<group>";
		};
		CDC3DDBE2BF4FCA7008459EF /* Views */ = {
			isa = PBXGroup;
			children = (
				CD6AF6AE2C03A710005EC8BC /* AnnotationView */,
				CDC3DDAC2BF4F20D008459EF /* ContentView.swift */,
				CDC3DDE72BF73D9E008459EF /* CustomMapView.swift */,
				CD4D2A4E2BFB8E5C00EE31D1 /* TestView.swift */,
				CDF56A772C00AF2200432D9B /* AnimalSceneKit.swift */,
				CD6AF6A82C038432005EC8BC /* InputNameView.swift */,
				CD6AF6B32C03B3D6005EC8BC /* IntroView.swift */,
				CD6AF6B92C03BD30005EC8BC /* locationPicker.swift */,
				CD6AF6C32C05964C005EC8BC /* MapPickerView.swift */,
				CD6AF6C72C05C70F005EC8BC /* SheetView.swift */,
				CD6AF6CD2C083E11005EC8BC /* ChoosePetView.swift */,
			);
			path = Views;
			sourceTree = "<group>";
		};
		CDC3DDBF2BF503C8008459EF /* ViewModels */ = {
			isa = PBXGroup;
			children = (
				CDC3DDC02BF50405008459EF /* ContentViewModel.swift */,
				CD6AF6B12C03AAF4005EC8BC /* InputNameViewModel.swift */,
				CD6AF6B72C03BBC1005EC8BC /* IntroViewModel.swift */,
				CD4D2A542BFBAFDD00EE31D1 /* LocationManager.swift */,
				CD6AF6C52C0596C7005EC8BC /* MapPickerViewModel.swift */,
			);
			path = ViewModels;
			sourceTree = "<group>";
		};
/* End PBXGroup section */

/* Begin PBXNativeTarget section */
		CDC3DDA62BF4F20D008459EF /* Pet Journeys */ = {
			isa = PBXNativeTarget;
			buildConfigurationList = CDC3DDBA2BF4F210008459EF /* Build configuration list for PBXNativeTarget "Pet Journeys" */;
			buildPhases = (
				CDC3DDA32BF4F20D008459EF /* Sources */,
				CDC3DDA42BF4F20D008459EF /* Frameworks */,
				CDC3DDA52BF4F20D008459EF /* Resources */,
			);
			buildRules = (
			);
			dependencies = (
			);
			name = "Pet Journeys";
			packageProductDependencies = (
				CDEE0DB52BFA1150004F579B /* GoogleMaps */,
				CDEE0DB72BFA1150004F579B /* GoogleMapsBase */,
				CDEE0DB92BFA1150004F579B /* GoogleMapsCore */,
				CDEE0DBB2BFA1150004F579B /* GoogleMapsM4B */,
				CDEE0DC02BFA121B004F579B /* GooglePlaces */,
				CD6AF6BE2C03C56C005EC8BC /* MapItemPicker */,
			);
			productName = "Pet Journeys";
			productReference = CDC3DDA72BF4F20D008459EF /* Pet Journeys.app */;
			productType = "com.apple.product-type.application";
		};
/* End PBXNativeTarget section */

/* Begin PBXProject section */
		CDC3DD9F2BF4F20D008459EF /* Project object */ = {
			isa = PBXProject;
			attributes = {
				BuildIndependentTargetsInParallel = 1;
				LastSwiftUpdateCheck = 1520;
				LastUpgradeCheck = 1520;
				TargetAttributes = {
					CDC3DDA62BF4F20D008459EF = {
						CreatedOnToolsVersion = 15.2;
					};
				};
			};
			buildConfigurationList = CDC3DDA22BF4F20D008459EF /* Build configuration list for PBXProject "Pet Journeys" */;
			compatibilityVersion = "Xcode 14.0";
			developmentRegion = en;
			hasScannedForEncodings = 0;
			knownRegions = (
				en,
				Base,
			);
			mainGroup = CDC3DD9E2BF4F20D008459EF;
			packageReferences = (
				CDEE0DB42BFA1150004F579B /* XCRemoteSwiftPackageReference "ios-maps-sdk" */,
				CDEE0DBF2BFA121B004F579B /* XCRemoteSwiftPackageReference "ios-places-sdk" */,
				CD6AF6BD2C03C56C005EC8BC /* XCRemoteSwiftPackageReference "swiftui-map-item-picker" */,
			);
			productRefGroup = CDC3DDA82BF4F20D008459EF /* Products */;
			projectDirPath = "";
			projectRoot = "";
			targets = (
				CDC3DDA62BF4F20D008459EF /* Pet Journeys */,
			);
		};
/* End PBXProject section */

/* Begin PBXResourcesBuildPhase section */
		CDC3DDA52BF4F20D008459EF /* Resources */ = {
			isa = PBXResourcesBuildPhase;
			buildActionMask = 2147483647;
			files = (
				CDC3DDB22BF4F210008459EF /* Preview Assets.xcassets in Resources */,
				CDF56A6E2C00AE4600432D9B /* Cute_Fox.usdz in Resources */,
				CDF56A722C00AE8900432D9B /* Toothless_Chimuelo_cute.usdz in Resources */,
				CDC3DDAF2BF4F210008459EF /* Assets.xcassets in Resources */,
				CD6AF6AD2C03A0C1005EC8BC /* Boogaloo-Regular.ttf in Resources */,
				CDF56A702C00AE5000432D9B /* Cute_Fox.scn in Resources */,
				CDF56A742C00AE9600432D9B /* Toothless.scn in Resources */,
				CD6AF6C22C05835C005EC8BC /* Pet-Journeys-Info.plist in Resources */,
			);
			runOnlyForDeploymentPostprocessing = 0;
		};
/* End PBXResourcesBuildPhase section */

/* Begin PBXSourcesBuildPhase section */
		CDC3DDA32BF4F20D008459EF /* Sources */ = {
			isa = PBXSourcesBuildPhase;
			buildActionMask = 2147483647;
			files = (
				CD6AF6B22C03AAF4005EC8BC /* InputNameViewModel.swift in Sources */,
				CD6AF6C12C042432005EC8BC /* MoodAnnotation.swift in Sources */,
				CD6AF6C42C05964C005EC8BC /* MapPickerView.swift in Sources */,
				CDC3DDE82BF73D9E008459EF /* CustomMapView.swift in Sources */,
				CDC3DDB72BF4F210008459EF /* Pet_Journeys.xcdatamodeld in Sources */,
				CD4D2A772BFDBB5900EE31D1 /* HospitalAnnotation.swift in Sources */,
				CD6AF6CC2C061EEF005EC8BC /* HouseAnnotation.swift in Sources */,
				CDC3DDB42BF4F210008459EF /* Persistence.swift in Sources */,
				CDC3DDAD2BF4F20D008459EF /* ContentView.swift in Sources */,
				CD4D2A752BFDB93200EE31D1 /* ShopAnnotation.swift in Sources */,
				CD4D2A492BFB84C900EE31D1 /* LocationData.swift in Sources */,
				CD6AF6C82C05C70F005EC8BC /* SheetView.swift in Sources */,
				CD4D2A732BFC915100EE31D1 /* RestoAnnotation.swift in Sources */,
				CD6AF6C62C0596C7005EC8BC /* MapPickerViewModel.swift in Sources */,
				CD4D2A512BFB8F5000EE31D1 /* LocationModel.swift in Sources */,
				CD6AF6CA2C05C8A7005EC8BC /* LocationSearchService.swift in Sources */,
				CD6AF6B82C03BBC1005EC8BC /* IntroViewModel.swift in Sources */,
				CD4D2A462BFB2B7900EE31D1 /* Pet.swift in Sources */,
				CD6AF6CE2C083E11005EC8BC /* ChoosePetView.swift in Sources */,
				CDEE0DBE2BFA11AC004F579B /* AppDelegate.swift in Sources */,
				CDC3DDAB2BF4F20D008459EF /* Pet_JourneysApp.swift in Sources */,
				CD6AF6A92C038432005EC8BC /* InputNameView.swift in Sources */,
				CD6AF6BA2C03BD30005EC8BC /* locationPicker.swift in Sources */,
				CDF56A782C00AF2200432D9B /* AnimalSceneKit.swift in Sources */,
				CD0848E82BFA4F49006C7F49 /* LocationService.swift in Sources */,
				CD4D2A4F2BFB8E5C00EE31D1 /* TestView.swift in Sources */,
				CD6AF6B42C03B3D6005EC8BC /* IntroView.swift in Sources */,
				CDC3DDC12BF50405008459EF /* ContentViewModel.swift in Sources */,
				CD4D2A552BFBAFDD00EE31D1 /* LocationManager.swift in Sources */,
			);
			runOnlyForDeploymentPostprocessing = 0;
		};
/* End PBXSourcesBuildPhase section */

/* Begin XCBuildConfiguration section */
		CDC3DDB82BF4F210008459EF /* Debug */ = {
			isa = XCBuildConfiguration;
			buildSettings = {
				ALWAYS_SEARCH_USER_PATHS = NO;
				ASSETCATALOG_COMPILER_GENERATE_SWIFT_ASSET_SYMBOL_EXTENSIONS = YES;
				CLANG_ANALYZER_NONNULL = YES;
				CLANG_ANALYZER_NUMBER_OBJECT_CONVERSION = YES_AGGRESSIVE;
				CLANG_CXX_LANGUAGE_STANDARD = "gnu++20";
				CLANG_ENABLE_MODULES = YES;
				CLANG_ENABLE_OBJC_ARC = YES;
				CLANG_ENABLE_OBJC_WEAK = YES;
				CLANG_WARN_BLOCK_CAPTURE_AUTORELEASING = YES;
				CLANG_WARN_BOOL_CONVERSION = YES;
				CLANG_WARN_COMMA = YES;
				CLANG_WARN_CONSTANT_CONVERSION = YES;
				CLANG_WARN_DEPRECATED_OBJC_IMPLEMENTATIONS = YES;
				CLANG_WARN_DIRECT_OBJC_ISA_USAGE = YES_ERROR;
				CLANG_WARN_DOCUMENTATION_COMMENTS = YES;
				CLANG_WARN_EMPTY_BODY = YES;
				CLANG_WARN_ENUM_CONVERSION = YES;
				CLANG_WARN_INFINITE_RECURSION = YES;
				CLANG_WARN_INT_CONVERSION = YES;
				CLANG_WARN_NON_LITERAL_NULL_CONVERSION = YES;
				CLANG_WARN_OBJC_IMPLICIT_RETAIN_SELF = YES;
				CLANG_WARN_OBJC_LITERAL_CONVERSION = YES;
				CLANG_WARN_OBJC_ROOT_CLASS = YES_ERROR;
				CLANG_WARN_QUOTED_INCLUDE_IN_FRAMEWORK_HEADER = YES;
				CLANG_WARN_RANGE_LOOP_ANALYSIS = YES;
				CLANG_WARN_STRICT_PROTOTYPES = YES;
				CLANG_WARN_SUSPICIOUS_MOVE = YES;
				CLANG_WARN_UNGUARDED_AVAILABILITY = YES_AGGRESSIVE;
				CLANG_WARN_UNREACHABLE_CODE = YES;
				CLANG_WARN__DUPLICATE_METHOD_MATCH = YES;
				COPY_PHASE_STRIP = NO;
				DEBUG_INFORMATION_FORMAT = dwarf;
				ENABLE_STRICT_OBJC_MSGSEND = YES;
				ENABLE_TESTABILITY = YES;
				ENABLE_USER_SCRIPT_SANDBOXING = YES;
				GCC_C_LANGUAGE_STANDARD = gnu17;
				GCC_DYNAMIC_NO_PIC = NO;
				GCC_NO_COMMON_BLOCKS = YES;
				GCC_OPTIMIZATION_LEVEL = 0;
				GCC_PREPROCESSOR_DEFINITIONS = (
					"DEBUG=1",
					"$(inherited)",
				);
				GCC_WARN_64_TO_32_BIT_CONVERSION = YES;
				GCC_WARN_ABOUT_RETURN_TYPE = YES_ERROR;
				GCC_WARN_UNDECLARED_SELECTOR = YES;
				GCC_WARN_UNINITIALIZED_AUTOS = YES_AGGRESSIVE;
				GCC_WARN_UNUSED_FUNCTION = YES;
				GCC_WARN_UNUSED_VARIABLE = YES;
				IPHONEOS_DEPLOYMENT_TARGET = 17.2;
				LOCALIZATION_PREFERS_STRING_CATALOGS = YES;
				MTL_ENABLE_DEBUG_INFO = INCLUDE_SOURCE;
				MTL_FAST_MATH = YES;
				ONLY_ACTIVE_ARCH = YES;
				SDKROOT = iphoneos;
				SWIFT_ACTIVE_COMPILATION_CONDITIONS = "DEBUG $(inherited)";
				SWIFT_OPTIMIZATION_LEVEL = "-Onone";
			};
			name = Debug;
		};
		CDC3DDB92BF4F210008459EF /* Release */ = {
			isa = XCBuildConfiguration;
			buildSettings = {
				ALWAYS_SEARCH_USER_PATHS = NO;
				ASSETCATALOG_COMPILER_GENERATE_SWIFT_ASSET_SYMBOL_EXTENSIONS = YES;
				CLANG_ANALYZER_NONNULL = YES;
				CLANG_ANALYZER_NUMBER_OBJECT_CONVERSION = YES_AGGRESSIVE;
				CLANG_CXX_LANGUAGE_STANDARD = "gnu++20";
				CLANG_ENABLE_MODULES = YES;
				CLANG_ENABLE_OBJC_ARC = YES;
				CLANG_ENABLE_OBJC_WEAK = YES;
				CLANG_WARN_BLOCK_CAPTURE_AUTORELEASING = YES;
				CLANG_WARN_BOOL_CONVERSION = YES;
				CLANG_WARN_COMMA = YES;
				CLANG_WARN_CONSTANT_CONVERSION = YES;
				CLANG_WARN_DEPRECATED_OBJC_IMPLEMENTATIONS = YES;
				CLANG_WARN_DIRECT_OBJC_ISA_USAGE = YES_ERROR;
				CLANG_WARN_DOCUMENTATION_COMMENTS = YES;
				CLANG_WARN_EMPTY_BODY = YES;
				CLANG_WARN_ENUM_CONVERSION = YES;
				CLANG_WARN_INFINITE_RECURSION = YES;
				CLANG_WARN_INT_CONVERSION = YES;
				CLANG_WARN_NON_LITERAL_NULL_CONVERSION = YES;
				CLANG_WARN_OBJC_IMPLICIT_RETAIN_SELF = YES;
				CLANG_WARN_OBJC_LITERAL_CONVERSION = YES;
				CLANG_WARN_OBJC_ROOT_CLASS = YES_ERROR;
				CLANG_WARN_QUOTED_INCLUDE_IN_FRAMEWORK_HEADER = YES;
				CLANG_WARN_RANGE_LOOP_ANALYSIS = YES;
				CLANG_WARN_STRICT_PROTOTYPES = YES;
				CLANG_WARN_SUSPICIOUS_MOVE = YES;
				CLANG_WARN_UNGUARDED_AVAILABILITY = YES_AGGRESSIVE;
				CLANG_WARN_UNREACHABLE_CODE = YES;
				CLANG_WARN__DUPLICATE_METHOD_MATCH = YES;
				COPY_PHASE_STRIP = NO;
				DEBUG_INFORMATION_FORMAT = "dwarf-with-dsym";
				ENABLE_NS_ASSERTIONS = NO;
				ENABLE_STRICT_OBJC_MSGSEND = YES;
				ENABLE_USER_SCRIPT_SANDBOXING = YES;
				GCC_C_LANGUAGE_STANDARD = gnu17;
				GCC_NO_COMMON_BLOCKS = YES;
				GCC_WARN_64_TO_32_BIT_CONVERSION = YES;
				GCC_WARN_ABOUT_RETURN_TYPE = YES_ERROR;
				GCC_WARN_UNDECLARED_SELECTOR = YES;
				GCC_WARN_UNINITIALIZED_AUTOS = YES_AGGRESSIVE;
				GCC_WARN_UNUSED_FUNCTION = YES;
				GCC_WARN_UNUSED_VARIABLE = YES;
				IPHONEOS_DEPLOYMENT_TARGET = 17.2;
				LOCALIZATION_PREFERS_STRING_CATALOGS = YES;
				MTL_ENABLE_DEBUG_INFO = NO;
				MTL_FAST_MATH = YES;
				SDKROOT = iphoneos;
				SWIFT_COMPILATION_MODE = wholemodule;
				VALIDATE_PRODUCT = YES;
			};
			name = Release;
		};
		CDC3DDBB2BF4F210008459EF /* Debug */ = {
			isa = XCBuildConfiguration;
			buildSettings = {
				ASSETCATALOG_COMPILER_APPICON_NAME = AppIcon;
				ASSETCATALOG_COMPILER_GLOBAL_ACCENT_COLOR_NAME = AccentColor;
				CODE_SIGN_STYLE = Automatic;
				CURRENT_PROJECT_VERSION = 1;
				DEVELOPMENT_ASSET_PATHS = "\"Pet Journeys/Preview Content\"";
				DEVELOPMENT_TEAM = M73B4W9D68;
				ENABLE_PREVIEWS = YES;
				GENERATE_INFOPLIST_FILE = YES;
				INFOPLIST_FILE = "Pet-Journeys-Info.plist";
				INFOPLIST_KEY_LSApplicationCategoryType = "public.app-category.games";
				INFOPLIST_KEY_NSLocationWhenInUseUsageDescription = "We want to access your location";
				INFOPLIST_KEY_UIApplicationSceneManifest_Generation = YES;
				INFOPLIST_KEY_UIApplicationSupportsIndirectInputEvents = YES;
				INFOPLIST_KEY_UIStatusBarStyle = "";
				INFOPLIST_KEY_UISupportedInterfaceOrientations = UIInterfaceOrientationPortrait;
				LD_RUNPATH_SEARCH_PATHS = (
					"$(inherited)",
					"@executable_path/Frameworks",
				);
				MARKETING_VERSION = 1.0;
				PRODUCT_BUNDLE_IDENTIFIER = "com.jasonsus.Pet-Journeys";
				PRODUCT_NAME = "$(TARGET_NAME)";
				SWIFT_EMIT_LOC_STRINGS = YES;
				SWIFT_VERSION = 5.0;
				TARGETED_DEVICE_FAMILY = "1,2";
			};
			name = Debug;
		};
		CDC3DDBC2BF4F210008459EF /* Release */ = {
			isa = XCBuildConfiguration;
			buildSettings = {
				ASSETCATALOG_COMPILER_APPICON_NAME = AppIcon;
				ASSETCATALOG_COMPILER_GLOBAL_ACCENT_COLOR_NAME = AccentColor;
				CODE_SIGN_STYLE = Automatic;
				CURRENT_PROJECT_VERSION = 1;
				DEVELOPMENT_ASSET_PATHS = "\"Pet Journeys/Preview Content\"";
				DEVELOPMENT_TEAM = M73B4W9D68;
				ENABLE_PREVIEWS = YES;
				GENERATE_INFOPLIST_FILE = YES;
				INFOPLIST_FILE = "Pet-Journeys-Info.plist";
				INFOPLIST_KEY_LSApplicationCategoryType = "public.app-category.games";
				INFOPLIST_KEY_NSLocationWhenInUseUsageDescription = "We want to access your location";
				INFOPLIST_KEY_UIApplicationSceneManifest_Generation = YES;
				INFOPLIST_KEY_UIApplicationSupportsIndirectInputEvents = YES;
				INFOPLIST_KEY_UIStatusBarStyle = "";
				INFOPLIST_KEY_UISupportedInterfaceOrientations = UIInterfaceOrientationPortrait;
				LD_RUNPATH_SEARCH_PATHS = (
					"$(inherited)",
					"@executable_path/Frameworks",
				);
				MARKETING_VERSION = 1.0;
				PRODUCT_BUNDLE_IDENTIFIER = "com.jasonsus.Pet-Journeys";
				PRODUCT_NAME = "$(TARGET_NAME)";
				SWIFT_EMIT_LOC_STRINGS = YES;
				SWIFT_VERSION = 5.0;
				TARGETED_DEVICE_FAMILY = "1,2";
			};
			name = Release;
		};
/* End XCBuildConfiguration section */

/* Begin XCConfigurationList section */
		CDC3DDA22BF4F20D008459EF /* Build configuration list for PBXProject "Pet Journeys" */ = {
			isa = XCConfigurationList;
			buildConfigurations = (
				CDC3DDB82BF4F210008459EF /* Debug */,
				CDC3DDB92BF4F210008459EF /* Release */,
			);
			defaultConfigurationIsVisible = 0;
			defaultConfigurationName = Release;
		};
		CDC3DDBA2BF4F210008459EF /* Build configuration list for PBXNativeTarget "Pet Journeys" */ = {
			isa = XCConfigurationList;
			buildConfigurations = (
				CDC3DDBB2BF4F210008459EF /* Debug */,
				CDC3DDBC2BF4F210008459EF /* Release */,
			);
			defaultConfigurationIsVisible = 0;
			defaultConfigurationName = Release;
		};
/* End XCConfigurationList section */

/* Begin XCRemoteSwiftPackageReference section */
		CD6AF6BD2C03C56C005EC8BC /* XCRemoteSwiftPackageReference "swiftui-map-item-picker" */ = {
			isa = XCRemoteSwiftPackageReference;
			repositoryURL = "https://github.com/lorenzofiamingo/swiftui-map-item-picker";
			requirement = {
				kind = upToNextMajorVersion;
				minimumVersion = 2.0.0;
			};
		};
		CDEE0DB42BFA1150004F579B /* XCRemoteSwiftPackageReference "ios-maps-sdk" */ = {
			isa = XCRemoteSwiftPackageReference;
			repositoryURL = "https://github.com/googlemaps/ios-maps-sdk";
			requirement = {
				kind = upToNextMajorVersion;
				minimumVersion = 8.4.0;
			};
		};
		CDEE0DBF2BFA121B004F579B /* XCRemoteSwiftPackageReference "ios-places-sdk" */ = {
			isa = XCRemoteSwiftPackageReference;
			repositoryURL = "https://github.com/googlemaps/ios-places-sdk";
			requirement = {
				kind = upToNextMajorVersion;
				minimumVersion = 8.5.0;
			};
		};
/* End XCRemoteSwiftPackageReference section */

/* Begin XCSwiftPackageProductDependency section */
		CD6AF6BE2C03C56C005EC8BC /* MapItemPicker */ = {
			isa = XCSwiftPackageProductDependency;
			package = CD6AF6BD2C03C56C005EC8BC /* XCRemoteSwiftPackageReference "swiftui-map-item-picker" */;
			productName = MapItemPicker;
		};
		CDEE0DB52BFA1150004F579B /* GoogleMaps */ = {
			isa = XCSwiftPackageProductDependency;
			package = CDEE0DB42BFA1150004F579B /* XCRemoteSwiftPackageReference "ios-maps-sdk" */;
			productName = GoogleMaps;
		};
		CDEE0DB72BFA1150004F579B /* GoogleMapsBase */ = {
			isa = XCSwiftPackageProductDependency;
			package = CDEE0DB42BFA1150004F579B /* XCRemoteSwiftPackageReference "ios-maps-sdk" */;
			productName = GoogleMapsBase;
		};
		CDEE0DB92BFA1150004F579B /* GoogleMapsCore */ = {
			isa = XCSwiftPackageProductDependency;
			package = CDEE0DB42BFA1150004F579B /* XCRemoteSwiftPackageReference "ios-maps-sdk" */;
			productName = GoogleMapsCore;
		};
		CDEE0DBB2BFA1150004F579B /* GoogleMapsM4B */ = {
			isa = XCSwiftPackageProductDependency;
			package = CDEE0DB42BFA1150004F579B /* XCRemoteSwiftPackageReference "ios-maps-sdk" */;
			productName = GoogleMapsM4B;
		};
		CDEE0DC02BFA121B004F579B /* GooglePlaces */ = {
			isa = XCSwiftPackageProductDependency;
			package = CDEE0DBF2BFA121B004F579B /* XCRemoteSwiftPackageReference "ios-places-sdk" */;
			productName = GooglePlaces;
		};
/* End XCSwiftPackageProductDependency section */

/* Begin XCVersionGroup section */
		CDC3DDB52BF4F210008459EF /* Pet_Journeys.xcdatamodeld */ = {
			isa = XCVersionGroup;
			children = (
				CDC3DDB62BF4F210008459EF /* Pet_Journeys.xcdatamodel */,
			);
			currentVersion = CDC3DDB62BF4F210008459EF /* Pet_Journeys.xcdatamodel */;
			path = Pet_Journeys.xcdatamodeld;
			sourceTree = "<group>";
			versionGroupType = wrapper.xcdatamodel;
		};
/* End XCVersionGroup section */
	};
	rootObject = CDC3DD9F2BF4F20D008459EF /* Project object */;
}
